
Microsoft Visual Studio Solution File, Format Version 12.00
# Visual Studio Version 17
VisualStudioVersion = 17.0.32014.148
MinimumVisualStudioVersion = 10.0.40219.1
Project("{FAE04EC0-301F-11D3-BF4B-00C04F79EFBC}") = "BakkalımNet", "BakkalımNet\BakkalımNet.csproj", "{D775603F-3BD6-444B-A9BF-B1C82227DB00}"
EndProject
Global
	GlobalSection(SolutionConfigurationPlatforms) = preSolution
		Debug|Any CPU = Debug|Any CPU
		Release|Any CPU = Release|Any CPU
	EndGlobalSection
	GlobalSection(ProjectConfigurationPlatforms) = postSolution
		{D775603F-3BD6-444B-A9BF-B1C82227DB00}.Debug|Any CPU.ActiveCfg = Debug|Any CPU
		{D775603F-3BD6-444B-A9BF-B1C82227DB00}.Debug|Any CPU.Build.0 = Debug|Any CPU
		{D775603F-3BD6-444B-A9BF-B1C82227DB00}.Release|Any CPU.ActiveCfg = Release|Any CPU
		{D775603F-3BD6-444B-A9BF-B1C82227DB00}.Release|Any CPU.Build.0 = Release|Any CPU
	EndGlobalSection
	GlobalSection(SolutionProperties) = preSolution
		HideSolutionNode = FALSE
	EndGlobalSection
	GlobalSection(ExtensibilityGlobals) = postSolution
		SolutionGuid = {04A386E4-137C-46DB-811B-B1DD44B3C2B2}
	EndGlobalSection
EndGlobal
